// !$*UTF8*$!
{
	archiveVersion = 1;
	classes = {
	};
	objectVersion = 50;
	objects = {

/* Begin PBXBuildFile section */
		58C704632448A05900C98D6D /* AppDelegate.swift in Sources */ = {isa = PBXBuildFile; fileRef = 58C704622448A05900C98D6D /* AppDelegate.swift */; };
		58C704652448A05900C98D6D /* SceneDelegate.swift in Sources */ = {isa = PBXBuildFile; fileRef = 58C704642448A05900C98D6D /* SceneDelegate.swift */; };
		58C704672448A05900C98D6D /* ContentView.swift in Sources */ = {isa = PBXBuildFile; fileRef = 58C704662448A05900C98D6D /* ContentView.swift */; };
		58C704692448A05E00C98D6D /* Assets.xcassets in Resources */ = {isa = PBXBuildFile; fileRef = 58C704682448A05E00C98D6D /* Assets.xcassets */; };
		58C7046C2448A05E00C98D6D /* Preview Assets.xcassets in Resources */ = {isa = PBXBuildFile; fileRef = 58C7046B2448A05E00C98D6D /* Preview Assets.xcassets */; };
		58C7046F2448A05E00C98D6D /* LaunchScreen.storyboard in Resources */ = {isa = PBXBuildFile; fileRef = 58C7046D2448A05E00C98D6D /* LaunchScreen.storyboard */; };
		58C704772448A0F900C98D6D /* TimerData.swift in Sources */ = {isa = PBXBuildFile; fileRef = 58C704762448A0F900C98D6D /* TimerData.swift */; };
		58C704792448A38800C98D6D /* SecondView.swift in Sources */ = {isa = PBXBuildFile; fileRef = 58C704782448A38800C98D6D /* SecondView.swift */; };
		58C7047B2448A9A900C98D6D /* AlignView.swift in Sources */ = {isa = PBXBuildFile; fileRef = 58C7047A2448A9A900C98D6D /* AlignView.swift */; };
		58C7047D2448AFE900C98D6D /* PracticeAlignView.swift in Sources */ = {isa = PBXBuildFile; fileRef = 58C7047C2448AFE900C98D6D /* PracticeAlignView.swift */; };
/* End PBXBuildFile section */

/* Begin PBXFileReference section */
		58C7045F2448A05900C98D6D /* ObservableDemo.app */ = {isa = PBXFileReference; explicitFileType = wrapper.application; includeInIndex = 0; path = ObservableDemo.app; sourceTree = BUILT_PRODUCTS_DIR; };
		58C704622448A05900C98D6D /* AppDelegate.swift */ = {isa = PBXFileReference; lastKnownFileType = sourcecode.swift; path = AppDelegate.swift; sourceTree = "<group>"; };
		58C704642448A05900C98D6D /* SceneDelegate.swift */ = {isa = PBXFileReference; lastKnownFileType = sourcecode.swift; path = SceneDelegate.swift; sourceTree = "<group>"; };
		58C704662448A05900C98D6D /* ContentView.swift */ = {isa = PBXFileReference; lastKnownFileType = sourcecode.swift; path = ContentView.swift; sourceTree = "<group>"; };
		58C704682448A05E00C98D6D /* Assets.xcassets */ = {isa = PBXFileReference; lastKnownFileType = folder.assetcatalog; path = Assets.xcassets; sourceTree = "<group>"; };
		58C7046B2448A05E00C98D6D /* Preview Assets.xcassets */ = {isa = PBXFileReference; lastKnownFileType = folder.assetcatalog; path = "Preview Assets.xcassets"; sourceTree = "<group>"; };
		58C7046E2448A05E00C98D6D /* Base */ = {isa = PBXFileReference; lastKnownFileType = file.storyboard; name = Base; path = Base.lproj/LaunchScreen.storyboard; sourceTree = "<group>"; };
		58C704702448A05E00C98D6D /* Info.plist */ = {isa = PBXFileReference; lastKnownFileType = text.plist.xml; path = Info.plist; sourceTree = "<group>"; };
		58C704762448A0F900C98D6D /* TimerData.swift */ = {isa = PBXFileReference; lastKnownFileType = sourcecode.swift; path = TimerData.swift; sourceTree = "<group>"; };
		58C704782448A38800C98D6D /* SecondView.swift */ = {isa = PBXFileReference; lastKnownFileType = sourcecode.swift; path = SecondView.swift; sourceTree = "<group>"; };
		58C7047A2448A9A900C98D6D /* AlignView.swift */ = {isa = PBXFileReference; lastKnownFileType = sourcecode.swift; path = AlignView.swift; sourceTree = "<group>"; };
		58C7047C2448AFE900C98D6D /* PracticeAlignView.swift */ = {isa = PBXFileReference; lastKnownFileType = sourcecode.swift; path = PracticeAlignView.swift; sourceTree = "<group>"; };
/* End PBXFileReference section */

/* Begin PBXFrameworksBuildPhase section */
		58C7045C2448A05900C98D6D /* Frameworks */ = {
			isa = PBXFrameworksBuildPhase;
			buildActionMask = 2147483647;
			files = (
			);
			runOnlyForDeploymentPostprocessing = 0;
		};
/* End PBXFrameworksBuildPhase section */

/* Begin PBXGroup section */
		58C704562448A05900C98D6D = {
			isa = PBXGroup;
			children = (
				58C704612448A05900C98D6D /* ObservableDemo */,
				58C704602448A05900C98D6D /* Products */,
			);
			sourceTree = "<group>";
		};
		58C704602448A05900C98D6D /* Products */ = {
			isa = PBXGroup;
			children = (
				58C7045F2448A05900C98D6D /* ObservableDemo.app */,
			);
			name = Products;
			sourceTree = "<group>";
		};
		58C704612448A05900C98D6D /* ObservableDemo */ = {
			isa = PBXGroup;
			children = (
				58C704622448A05900C98D6D /* AppDelegate.swift */,
				58C704642448A05900C98D6D /* SceneDelegate.swift */,
				58C704662448A05900C98D6D /* ContentView.swift */,
				58C704782448A38800C98D6D /* SecondView.swift */,
				58C7047A2448A9A900C98D6D /* AlignView.swift */,
				58C704762448A0F900C98D6D /* TimerData.swift */,
				58C7047C2448AFE900C98D6D /* PracticeAlignView.swift */,
				58C704682448A05E00C98D6D /* Assets.xcassets */,
				58C7046D2448A05E00C98D6D /* LaunchScreen.storyboard */,
				58C704702448A05E00C98D6D /* Info.plist */,
				58C7046A2448A05E00C98D6D /* Preview Content */,
			);
			path = ObservableDemo;
			sourceTree = "<group>";
		};
		58C7046A2448A05E00C98D6D /* Preview Content */ = {
			isa = PBXGroup;
			children = (
				58C7046B2448A05E00C98D6D /* Preview Assets.xcassets */,
			);
			path = "Preview Content";
			sourceTree = "<group>";
		};
/* End PBXGroup section */

/* Begin PBXNativeTarget section */
		58C7045E2448A05900C98D6D /* ObservableDemo */ = {
			isa = PBXNativeTarget;
			buildConfigurationList = 58C704732448A05E00C98D6D /* Build configuration list for PBXNativeTarget "ObservableDemo" */;
			buildPhases = (
				58C7045B2448A05900C98D6D /* Sources */,
				58C7045C2448A05900C98D6D /* Frameworks */,
				58C7045D2448A05900C98D6D /* Resources */,
			);
			buildRules = (
			);
			dependencies = (
			);
			name = ObservableDemo;
			productName = ObservableDemo;
			productReference = 58C7045F2448A05900C98D6D /* ObservableDemo.app */;
			productType = "com.apple.product-type.application";
		};
/* End PBXNativeTarget section */

/* Begin PBXProject section */
		58C704572448A05900C98D6D /* Project object */ = {
			isa = PBXProject;
			attributes = {
				LastSwiftUpdateCheck = 1140;
				LastUpgradeCheck = 1140;
				ORGANIZATIONNAME = wonju5332;
				TargetAttributes = {
					58C7045E2448A05900C98D6D = {
						CreatedOnToolsVersion = 11.4;
					};
				};
			};
			buildConfigurationList = 58C7045A2448A05900C98D6D /* Build configuration list for PBXProject "ObservableDemo" */;
			compatibilityVersion = "Xcode 9.3";
			developmentRegion = en;
			hasScannedForEncodings = 0;
			knownRegions = (
				en,
				Base,
			);
			mainGroup = 58C704562448A05900C98D6D;
			productRefGroup = 58C704602448A05900C98D6D /* Products */;
			projectDirPath = "";
			projectRoot = "";
			targets = (
				58C7045E2448A05900C98D6D /* ObservableDemo */,
			);
		};
/* End PBXProject section */

/* Begin PBXResourcesBuildPhase section */
		58C7045D2448A05900C98D6D /* Resources */ = {
			isa = PBXResourcesBuildPhase;
			buildActionMask = 2147483647;
			files = (
				58C7046F2448A05E00C98D6D /* LaunchScreen.storyboard in Resources */,
				58C7046C2448A05E00C98D6D /* Preview Assets.xcassets in Resources */,
				58C704692448A05E00C98D6D /* Assets.xcassets in Resources */,
			);
			runOnlyForDeploymentPostprocessing = 0;
		};
/* End PBXResourcesBuildPhase section */

/* Begin PBXSourcesBuildPhase section */
		58C7045B2448A05900C98D6D /* Sources */ = {
			isa = PBXSourcesBuildPhase;
			buildActionMask = 2147483647;
			files = (
				58C704632448A05900C98D6D /* AppDelegate.swift in Sources */,
				58C704792448A38800C98D6D /* SecondView.swift in Sources */,
				58C704772448A0F900C98D6D /* TimerData.swift in Sources */,
				58C704652448A05900C98D6D /* SceneDelegate.swift in Sources */,
				58C7047B2448A9A900C98D6D /* AlignView.swift in Sources */,
				58C704672448A05900C98D6D /* ContentView.swift in Sources */,
				58C7047D2448AFE900C98D6D /* PracticeAlignView.swift in Sources */,
			);
			runOnlyForDeploymentPostprocessing = 0;
		};
/* End PBXSourcesBuildPhase section */

/* Begin PBXVariantGroup section */
		58C7046D2448A05E00C98D6D /* LaunchScreen.storyboard */ = {
			isa = PBXVariantGroup;
			children = (
				58C7046E2448A05E00C98D6D /* Base */,
			);
			name = LaunchScreen.storyboard;
			sourceTree = "<group>";
		};
/* End PBXVariantGroup section */

/* Begin XCBuildConfiguration section */
		58C704712448A05E00C98D6D /* Debug */ = {
			isa = XCBuildConfiguration;
			buildSettings = {
				ALWAYS_SEARCH_USER_PATHS = NO;
				CLANG_ANALYZER_NONNULL = YES;
				CLANG_ANALYZER_NUMBER_OBJECT_CONVERSION = YES_AGGRESSIVE;
				CLANG_CXX_LANGUAGE_STANDARD = "gnu++14";
				CLANG_CXX_LIBRARY = "libc++";
				CLANG_ENABLE_MODULES = YES;
				CLANG_ENABLE_OBJC_ARC = YES;
				CLANG_ENABLE_OBJC_WEAK = YES;
				CLANG_WARN_BLOCK_CAPTURE_AUTORELEASING = YES;
				CLANG_WARN_BOOL_CONVERSION = YES;
				CLANG_WARN_COMMA = YES;
				CLANG_WARN_CONSTANT_CONVERSION = YES;
				CLANG_WARN_DEPRECATED_OBJC_IMPLEMENTATIONS = YES;
				CLANG_WARN_DIRECT_OBJC_ISA_USAGE = YES_ERROR;
				CLANG_WARN_DOCUMENTATION_COMMENTS = YES;
				CLANG_WARN_EMPTY_BODY = YES;
				CLANG_WARN_ENUM_CONVERSION = YES;
				CLANG_WARN_INFINITE_RECURSION = YES;
				CLANG_WARN_INT_CONVERSION = YES;
				CLANG_WARN_NON_LITERAL_NULL_CONVERSION = YES;
				CLANG_WARN_OBJC_IMPLICIT_RETAIN_SELF = YES;
				CLANG_WARN_OBJC_LITERAL_CONVERSION = YES;
				CLANG_WARN_OBJC_ROOT_CLASS = YES_ERROR;
				CLANG_WARN_RANGE_LOOP_ANALYSIS = YES;
				CLANG_WARN_STRICT_PROTOTYPES = YES;
				CLANG_WARN_SUSPICIOUS_MOVE = YES;
				CLANG_WARN_UNGUARDED_AVAILABILITY = YES_AGGRESSIVE;
				CLANG_WARN_UNREACHABLE_CODE = YES;
				CLANG_WARN__DUPLICATE_METHOD_MATCH = YES;
				COPY_PHASE_STRIP = NO;
				DEBUG_INFORMATION_FORMAT = dwarf;
				ENABLE_STRICT_OBJC_MSGSEND = YES;
				ENABLE_TESTABILITY = YES;
				GCC_C_LANGUAGE_STANDARD = gnu11;
				GCC_DYNAMIC_NO_PIC = NO;
				GCC_NO_COMMON_BLOCKS = YES;
				GCC_OPTIMIZATION_LEVEL = 0;
				GCC_PREPROCESSOR_DEFINITIONS = (
					"DEBUG=1",
					"$(inherited)",
				);
				GCC_WARN_64_TO_32_BIT_CONVERSION = YES;
				GCC_WARN_ABOUT_RETURN_TYPE = YES_ERROR;
				GCC_WARN_UNDECLARED_SELECTOR = YES;
				GCC_WARN_UNINITIALIZED_AUTOS = YES_AGGRESSIVE;
				GCC_WARN_UNUSED_FUNCTION = YES;
				GCC_WARN_UNUSED_VARIABLE = YES;
				IPHONEOS_DEPLOYMENT_TARGET = 13.4;
				MTL_ENABLE_DEBUG_INFO = INCLUDE_SOURCE;
				MTL_FAST_MATH = YES;
				ONLY_ACTIVE_ARCH = YES;
				SDKROOT = iphoneos;
				SWIFT_ACTIVE_COMPILATION_CONDITIONS = DEBUG;
				SWIFT_OPTIMIZATION_LEVEL = "-Onone";
			};
			name = Debug;
		};
		58C704722448A05E00C98D6D /* Release */ = {
			isa = XCBuildConfiguration;
			buildSettings = {
				ALWAYS_SEARCH_USER_PATHS = NO;
				CLANG_ANALYZER_NONNULL = YES;
				CLANG_ANALYZER_NUMBER_OBJECT_CONVERSION = YES_AGGRESSIVE;
				CLANG_CXX_LANGUAGE_STANDARD = "gnu++14";
				CLANG_CXX_LIBRARY = "libc++";
				CLANG_ENABLE_MODULES = YES;
				CLANG_ENABLE_OBJC_ARC = YES;
				CLANG_ENABLE_OBJC_WEAK = YES;
				CLANG_WARN_BLOCK_CAPTURE_AUTORELEASING = YES;
				CLANG_WARN_BOOL_CONVERSION = YES;
				CLANG_WARN_COMMA = YES;
				CLANG_WARN_CONSTANT_CONVERSION = YES;
				CLANG_WARN_DEPRECATED_OBJC_IMPLEMENTATIONS = YES;
				CLANG_WARN_DIRECT_OBJC_ISA_USAGE = YES_ERROR;
				CLANG_WARN_DOCUMENTATION_COMMENTS = YES;
				CLANG_WARN_EMPTY_BODY = YES;
				CLANG_WARN_ENUM_CONVERSION = YES;
				CLANG_WARN_INFINITE_RECURSION = YES;
				CLANG_WARN_INT_CONVERSION = YES;
				CLANG_WARN_NON_LITERAL_NULL_CONVERSION = YES;
				CLANG_WARN_OBJC_IMPLICIT_RETAIN_SELF = YES;
				CLANG_WARN_OBJC_LITERAL_CONVERSION = YES;
				CLANG_WARN_OBJC_ROOT_CLASS = YES_ERROR;
				CLANG_WARN_RANGE_LOOP_ANALYSIS = YES;
				CLANG_WARN_STRICT_PROTOTYPES = YES;
				CLANG_WARN_SUSPICIOUS_MOVE = YES;
				CLANG_WARN_UNGUARDED_AVAILABILITY = YES_AGGRESSIVE;
				CLANG_WARN_UNREACHABLE_CODE = YES;
				CLANG_WARN__DUPLICATE_METHOD_MATCH = YES;
				COPY_PHASE_STRIP = NO;
				DEBUG_INFORMATION_FORMAT = "dwarf-with-dsym";
				ENABLE_NS_ASSERTIONS = NO;
				ENABLE_STRICT_OBJC_MSGSEND = YES;
				GCC_C_LANGUAGE_STANDARD = gnu11;
				GCC_NO_COMMON_BLOCKS = YES;
				GCC_WARN_64_TO_32_BIT_CONVERSION = YES;
				GCC_WARN_ABOUT_RETURN_TYPE = YES_ERROR;
				GCC_WARN_UNDECLARED_SELECTOR = YES;
				GCC_WARN_UNINITIALIZED_AUTOS = YES_AGGRESSIVE;
				GCC_WARN_UNUSED_FUNCTION = YES;
				GCC_WARN_UNUSED_VARIABLE = YES;
				IPHONEOS_DEPLOYMENT_TARGET = 13.4;
				MTL_ENABLE_DEBUG_INFO = NO;
				MTL_FAST_MATH = YES;
				SDKROOT = iphoneos;
				SWIFT_COMPILATION_MODE = wholemodule;
				SWIFT_OPTIMIZATION_LEVEL = "-O";
				VALIDATE_PRODUCT = YES;
			};
			name = Release;
		};
		58C704742448A05E00C98D6D /* Debug */ = {
			isa = XCBuildConfiguration;
			buildSettings = {
				ASSETCATALOG_COMPILER_APPICON_NAME = AppIcon;
				CODE_SIGN_STYLE = Automatic;
				DEVELOPMENT_ASSET_PATHS = "\"ObservableDemo/Preview Content\"";
				DEVELOPMENT_TEAM = 2KZW859V78;
				ENABLE_PREVIEWS = YES;
				INFOPLIST_FILE = ObservableDemo/Info.plist;
				LD_RUNPATH_SEARCH_PATHS = (
					"$(inherited)",
					"@executable_path/Frameworks",
				);
				PRODUCT_BUNDLE_IDENTIFIER = com.wonju5332.ObservableDemo;
				PRODUCT_NAME = "$(TARGET_NAME)";
				SWIFT_VERSION = 5.0;
				TARGETED_DEVICE_FAMILY = "1,2";
			};
			name = Debug;
		};
		58C704752448A05E00C98D6D /* Release */ = {
			isa = XCBuildConfiguration;
			buildSettings = {
				ASSETCATALOG_COMPILER_APPICON_NAME = AppIcon;
				CODE_SIGN_STYLE = Automatic;
				DEVELOPMENT_ASSET_PATHS = "\"ObservableDemo/Preview Content\"";
				DEVELOPMENT_TEAM = 2KZW859V78;
				ENABLE_PREVIEWS = YES;
				INFOPLIST_FILE = ObservableDemo/Info.plist;
				LD_RUNPATH_SEARCH_PATHS = (
					"$(inherited)",
					"@executable_path/Frameworks",
				);
				PRODUCT_BUNDLE_IDENTIFIER = com.wonju5332.ObservableDemo;
				PRODUCT_NAME = "$(TARGET_NAME)";
				SWIFT_VERSION = 5.0;
				TARGETED_DEVICE_FAMILY = "1,2";
			};
			name = Release;
		};
/* End XCBuildConfiguration section */

/* Begin XCConfigurationList section */
		58C7045A2448A05900C98D6D /* Build configuration list for PBXProject "ObservableDemo" */ = {
			isa = XCConfigurationList;
			buildConfigurations = (
				58C704712448A05E00C98D6D /* Debug */,
				58C704722448A05E00C98D6D /* Release */,
			);
			defaultConfigurationIsVisible = 0;
			defaultConfigurationName = Release;
		};
		58C704732448A05E00C98D6D /* Build configuration list for PBXNativeTarget "ObservableDemo" */ = {
			isa = XCConfigurationList;
			buildConfigurations = (
				58C704742448A05E00C98D6D /* Debug */,
				58C704752448A05E00C98D6D /* Release */,
			);
			defaultConfigurationIsVisible = 0;
			defaultConfigurationName = Release;
		};
/* End XCConfigurationList section */
	};
	rootObject = 58C704572448A05900C98D6D /* Project object */;
}
